// !$*UTF8*$!
{
	archiveVersion = 1;
	classes = {
	};
	objectVersion = 46;
	objects = {

/* Begin PBXBuildFile section */
		58E5E2B81B84900400881B68 /* AppDelegate.swift in Sources */ = {isa = PBXBuildFile; fileRef = 58E5E2B71B84900400881B68 /* AppDelegate.swift */; };
		58E5E2BA1B84900400881B68 /* ViewController.swift in Sources */ = {isa = PBXBuildFile; fileRef = 58E5E2B91B84900400881B68 /* ViewController.swift */; };
		58E5E2BD1B84900400881B68 /* Main.storyboard in Resources */ = {isa = PBXBuildFile; fileRef = 58E5E2BB1B84900400881B68 /* Main.storyboard */; };
		58E5E2BF1B84900400881B68 /* Assets.xcassets in Resources */ = {isa = PBXBuildFile; fileRef = 58E5E2BE1B84900400881B68 /* Assets.xcassets */; };
		58E5E2C21B84900400881B68 /* LaunchScreen.storyboard in Resources */ = {isa = PBXBuildFile; fileRef = 58E5E2C01B84900400881B68 /* LaunchScreen.storyboard */; };
/* End PBXBuildFile section */

/* Begin PBXFileReference section */
		58E5E2B41B84900400881B68 /* UIkitBugScrollViewSwift.app */ = {isa = PBXFileReference; explicitFileType = wrapper.application; includeInIndex = 0; path = UIkitBugScrollViewSwift.app; sourceTree = BUILT_PRODUCTS_DIR; };
		58E5E2B71B84900400881B68 /* AppDelegate.swift */ = {isa = PBXFileReference; lastKnownFileType = sourcecode.swift; path = AppDelegate.swift; sourceTree = "<group>"; };
		58E5E2B91B84900400881B68 /* ViewController.swift */ = {isa = PBXFileReference; lastKnownFileType = sourcecode.swift; path = ViewController.swift; sourceTree = "<group>"; };
		58E5E2BC1B84900400881B68 /* Base */ = {isa = PBXFileReference; lastKnownFileType = file.storyboard; name = Base; path = Base.lproj/Main.storyboard; sourceTree = "<group>"; };
		58E5E2BE1B84900400881B68 /* Assets.xcassets */ = {isa = PBXFileReference; lastKnownFileType = folder.assetcatalog; path = Assets.xcassets; sourceTree = "<group>"; };
		58E5E2C11B84900400881B68 /* Base */ = {isa = PBXFileReference; lastKnownFileType = file.storyboard; name = Base; path = Base.lproj/LaunchScreen.storyboard; sourceTree = "<group>"; };
		58E5E2C31B84900400881B68 /* Info.plist */ = {isa = PBXFileReference; lastKnownFileType = text.plist.xml; path = Info.plist; sourceTree = "<group>"; };
/* End PBXFileReference section */

/* Begin PBXFrameworksBuildPhase section */
		58E5E2B11B84900400881B68 /* Frameworks */ = {
			isa = PBXFrameworksBuildPhase;
			buildActionMask = 2147483647;
			files = (
			);
			runOnlyForDeploymentPostprocessing = 0;
		};
/* End PBXFrameworksBuildPhase section */

/* Begin PBXGroup section */
		58E5E2AB1B84900400881B68 = {
			isa = PBXGroup;
			children = (
				58E5E2B61B84900400881B68 /* UIkitBugScrollViewSwift */,
				58E5E2B51B84900400881B68 /* Products */,
			);
			sourceTree = "<group>";
		};
		58E5E2B51B84900400881B68 /* Products */ = {
			isa = PBXGroup;
			children = (
				58E5E2B41B84900400881B68 /* UIkitBugScrollViewSwift.app */,
			);
			name = Products;
			sourceTree = "<group>";
		};
		58E5E2B61B84900400881B68 /* UIkitBugScrollViewSwift */ = {
			isa = PBXGroup;
			children = (
				58E5E2B71B84900400881B68 /* AppDelegate.swift */,
				58E5E2B91B84900400881B68 /* ViewController.swift */,
				58E5E2BB1B84900400881B68 /* Main.storyboard */,
				58E5E2BE1B84900400881B68 /* Assets.xcassets */,
				58E5E2C01B84900400881B68 /* LaunchScreen.storyboard */,
				58E5E2C31B84900400881B68 /* Info.plist */,
			);
			path = UIkitBugScrollViewSwift;
			sourceTree = "<group>";
		};
/* End PBXGroup section */

/* Begin PBXNativeTarget section */
		58E5E2B31B84900400881B68 /* UIkitBugScrollViewSwift */ = {
			isa = PBXNativeTarget;
			buildConfigurationList = 58E5E2C61B84900400881B68 /* Build configuration list for PBXNativeTarget "UIkitBugScrollViewSwift" */;
			buildPhases = (
				58E5E2B01B84900400881B68 /* Sources */,
				58E5E2B11B84900400881B68 /* Frameworks */,
				58E5E2B21B84900400881B68 /* Resources */,
			);
			buildRules = (
			);
			dependencies = (
			);
			name = UIkitBugScrollViewSwift;
			productName = UIkitBugScrollViewSwift;
			productReference = 58E5E2B41B84900400881B68 /* UIkitBugScrollViewSwift.app */;
			productType = "com.apple.product-type.application";
		};
/* End PBXNativeTarget section */

/* Begin PBXProject section */
		58E5E2AC1B84900400881B68 /* Project object */ = {
			isa = PBXProject;
			attributes = {
				LastUpgradeCheck = 0700;
				ORGANIZATIONNAME = pronebird;
				TargetAttributes = {
					58E5E2B31B84900400881B68 = {
						CreatedOnToolsVersion = 7.0;
					};
				};
			};
			buildConfigurationList = 58E5E2AF1B84900400881B68 /* Build configuration list for PBXProject "UIkitBugScrollViewSwift" */;
			compatibilityVersion = "Xcode 3.2";
			developmentRegion = English;
			hasScannedForEncodings = 0;
			knownRegions = (
				en,
				Base,
			);
			mainGroup = 58E5E2AB1B84900400881B68;
			productRefGroup = 58E5E2B51B84900400881B68 /* Products */;
			projectDirPath = "";
			projectRoot = "";
			targets = (
				58E5E2B31B84900400881B68 /* UIkitBugScrollViewSwift */,
			);
		};
/* End PBXProject section */

/* Begin PBXResourcesBuildPhase section */
		58E5E2B21B84900400881B68 /* Resources */ = {
			isa = PBXResourcesBuildPhase;
			buildActionMask = 2147483647;
			files = (
				58E5E2C21B84900400881B68 /* LaunchScreen.storyboard in Resources */,
				58E5E2BF1B84900400881B68 /* Assets.xcassets in Resources */,
				58E5E2BD1B84900400881B68 /* Main.storyboard in Resources */,
			);
			runOnlyForDeploymentPostprocessing = 0;
		};
/* End PBXResourcesBuildPhase section */

/* Begin PBXSourcesBuildPhase section */
		58E5E2B01B84900400881B68 /* Sources */ = {
			isa = PBXSourcesBuildPhase;
			buildActionMask = 2147483647;
			files = (
				58E5E2BA1B84900400881B68 /* ViewController.swift in Sources */,
				58E5E2B81B84900400881B68 /* AppDelegate.swift in Sources */,
			);
			runOnlyForDeploymentPostprocessing = 0;
		};
/* End PBXSourcesBuildPhase section */

/* Begin PBXVariantGroup section */
		58E5E2BB1B84900400881B68 /* Main.storyboard */ = {
			isa = PBXVariantGroup;
			children = (
				58E5E2BC1B84900400881B68 /* Base */,
			);
			name = Main.storyboard;
			sourceTree = "<group>";
		};
		58E5E2C01B84900400881B68 /* LaunchScreen.storyboard */ = {
			isa = PBXVariantGroup;
			children = (
				58E5E2C11B84900400881B68 /* Base */,
			);
			name = LaunchScreen.storyboard;
			sourceTree = "<group>";
		};
/* End PBXVariantGroup section */

/* Begin XCBuildConfiguration section */
		58E5E2C41B84900400881B68 /* Debug */ = {
			isa = XCBuildConfiguration;
			buildSettings = {
				ALWAYS_SEARCH_USER_PATHS = NO;
				CLANG_CXX_LANGUAGE_STANDARD = "gnu++0x";
				CLANG_CXX_LIBRARY = "libc++";
				CLANG_ENABLE_MODULES = YES;
				CLANG_ENABLE_OBJC_ARC = YES;
				CLANG_WARN_BOOL_CONVERSION = YES;
				CLANG_WARN_CONSTANT_CONVERSION = YES;
				CLANG_WARN_DIRECT_OBJC_ISA_USAGE = YES_ERROR;
				CLANG_WARN_EMPTY_BODY = YES;
				CLANG_WARN_ENUM_CONVERSION = YES;
				CLANG_WARN_INT_CONVERSION = YES;
				CLANG_WARN_OBJC_ROOT_CLASS = YES_ERROR;
				CLANG_WARN_UNREACHABLE_CODE = YES;
				CLANG_WARN__DUPLICATE_METHOD_MATCH = YES;
				"CODE_SIGN_IDENTITY[sdk=iphoneos*]" = "iPhone Developer";
				COPY_PHASE_STRIP = NO;
				DEBUG_INFORMATION_FORMAT = dwarf;
				ENABLE_STRICT_OBJC_MSGSEND = YES;
				ENABLE_TESTABILITY = YES;
				GCC_C_LANGUAGE_STANDARD = gnu99;
				GCC_DYNAMIC_NO_PIC = NO;
				GCC_NO_COMMON_BLOCKS = YES;
				GCC_OPTIMIZATION_LEVEL = 0;
				GCC_PREPROCESSOR_DEFINITIONS = (
					"DEBUG=1",
					"$(inherited)",
				);
				GCC_WARN_64_TO_32_BIT_CONVERSION = YES;
				GCC_WARN_ABOUT_RETURN_TYPE = YES_ERROR;
				GCC_WARN_UNDECLARED_SELECTOR = YES;
				GCC_WARN_UNINITIALIZED_AUTOS = YES_AGGRESSIVE;
				GCC_WARN_UNUSED_FUNCTION = YES;
				GCC_WARN_UNUSED_VARIABLE = YES;
				IPHONEOS_DEPLOYMENT_TARGET = 9.0;
				MTL_ENABLE_DEBUG_INFO = YES;
				ONLY_ACTIVE_ARCH = YES;
				SDKROOT = iphoneos;
				SWIFT_OPTIMIZATION_LEVEL = "-Onone";
			};
			name = Debug;
		};
		58E5E2C51B84900400881B68 /* Release */ = {
			isa = XCBuildConfiguration;
			buildSettings = {
				ALWAYS_SEARCH_USER_PATHS = NO;
				CLANG_CXX_LANGUAGE_STANDARD = "gnu++0x";
				CLANG_CXX_LIBRARY = "libc++";
				CLANG_ENABLE_MODULES = YES;
				CLANG_ENABLE_OBJC_ARC = YES;
				CLANG_WARN_BOOL_CONVERSION = YES;
				CLANG_WARN_CONSTANT_CONVERSION = YES;
				CLANG_WARN_DIRECT_OBJC_ISA_USAGE = YES_ERROR;
				CLANG_WARN_EMPTY_BODY = YES;
				CLANG_WARN_ENUM_CONVERSION = YES;
				CLANG_WARN_INT_CONVERSION = YES;
				CLANG_WARN_OBJC_ROOT_CLASS = YES_ERROR;
				CLANG_WARN_UNREACHABLE_CODE = YES;
				CLANG_WARN__DUPLICATE_METHOD_MATCH = YES;
				"CODE_SIGN_IDENTITY[sdk=iphoneos*]" = "iPhone Developer";
				COPY_PHASE_STRIP = NO;
				DEBUG_INFORMATION_FORMAT = "dwarf-with-dsym";
				ENABLE_NS_ASSERTIONS = NO;
				ENABLE_STRICT_OBJC_MSGSEND = YES;
				GCC_C_LANGUAGE_STANDARD = gnu99;
				GCC_NO_COMMON_BLOCKS = YES;
				GCC_WARN_64_TO_32_BIT_CONVERSION = YES;
				GCC_WARN_ABOUT_RETURN_TYPE = YES_ERROR;
				GCC_WARN_UNDECLARED_SELECTOR = YES;
				GCC_WARN_UNINITIALIZED_AUTOS = YES_AGGRESSIVE;
				GCC_WARN_UNUSED_FUNCTION = YES;
				GCC_WARN_UNUSED_VARIABLE = YES;
				IPHONEOS_DEPLOYMENT_TARGET = 9.0;
				MTL_ENABLE_DEBUG_INFO = NO;
				SDKROOT = iphoneos;
				VALIDATE_PRODUCT = YES;
			};
			name = Release;
		};
		58E5E2C71B84900400881B68 /* Debug */ = {
			isa = XCBuildConfiguration;
			buildSettings = {
				ASSETCATALOG_COMPILER_APPICON_NAME = AppIcon;
				INFOPLIST_FILE = UIkitBugScrollViewSwift/Info.plist;
				IPHONEOS_DEPLOYMENT_TARGET = 8.4;
				LD_RUNPATH_SEARCH_PATHS = "$(inherited) @executable_path/Frameworks";
				PRODUCT_BUNDLE_IDENTIFIER = ru.codeispoetry.UIkitBugScrollViewSwift;
				PRODUCT_NAME = "$(TARGET_NAME)";
			};
			name = Debug;
		};
		58E5E2C81B84900400881B68 /* Release */ = {
			isa = XCBuildConfiguration;
			buildSettings = {
				ASSETCATALOG_COMPILER_APPICON_NAME = AppIcon;
				INFOPLIST_FILE = UIkitBugScrollViewSwift/Info.plist;
				IPHONEOS_DEPLOYMENT_TARGET = 8.4;
				LD_RUNPATH_SEARCH_PATHS = "$(inherited) @executable_path/Frameworks";
				PRODUCT_BUNDLE_IDENTIFIER = ru.codeispoetry.UIkitBugScrollViewSwift;
				PRODUCT_NAME = "$(TARGET_NAME)";
			};
			name = Release;
		};
/* End XCBuildConfiguration section */

/* Begin XCConfigurationList section */
		58E5E2AF1B84900400881B68 /* Build configuration list for PBXProject "UIkitBugScrollViewSwift" */ = {
			isa = XCConfigurationList;
			buildConfigurations = (
				58E5E2C41B84900400881B68 /* Debug */,
				58E5E2C51B84900400881B68 /* Release */,
			);
			defaultConfigurationIsVisible = 0;
			defaultConfigurationName = Release;
		};
		58E5E2C61B84900400881B68 /* Build configuration list for PBXNativeTarget "UIkitBugScrollViewSwift" */ = {
			isa = XCConfigurationList;
			buildConfigurations = (
				58E5E2C71B84900400881B68 /* Debug */,
				58E5E2C81B84900400881B68 /* Release */,
			);
			defaultConfigurationIsVisible = 0;
		};
/* End XCConfigurationList section */
	};
	rootObject = 58E5E2AC1B84900400881B68 /* Project object */;
}
